
Microsoft Visual Studio Solution File, Format Version 12.00
# Visual Studio Version 17
VisualStudioVersion = 17.14.36616.10 d17.14
MinimumVisualStudioVersion = 10.0.40219.1
Project("{FAE04EC0-301F-11D3-BF4B-00C04F79EFBC}") = "xx", "xx.csproj", "{6475ADBD-935F-9CBE-11ED-FD08050B84ED}"
EndProject
Global
	GlobalSection(SolutionConfigurationPlatforms) = preSolution
		Debug|Any CPU = Debug|Any CPU
		Release|Any CPU = Release|Any CPU
	EndGlobalSection
	GlobalSection(ProjectConfigurationPlatforms) = postSolution
		{6475ADBD-935F-9CBE-11ED-FD08050B84ED}.Debug|Any CPU.ActiveCfg = Debug|Any CPU
		{6475ADBD-935F-9CBE-11ED-FD08050B84ED}.Debug|Any CPU.Build.0 = Debug|Any CPU
		{6475ADBD-935F-9CBE-11ED-FD08050B84ED}.Release|Any CPU.ActiveCfg = Release|Any CPU
		{6475ADBD-935F-9CBE-11ED-FD08050B84ED}.Release|Any CPU.Build.0 = Release|Any CPU
	EndGlobalSection
	GlobalSection(SolutionProperties) = preSolution
		HideSolutionNode = FALSE
	EndGlobalSection
	GlobalSection(ExtensibilityGlobals) = postSolution
		SolutionGuid = {728D2AB8-FD45-4702-8DAB-F4BAD596C124}
	EndGlobalSection
EndGlobal
